// !$*UTF8*$!
{
	archiveVersion = 1;
	classes = {
	};
	objectVersion = 56;
	objects = {

/* Begin PBXBuildFile section */
		162ED5D52ACDF194008E0622 /* Experimental1App.swift in Sources */ = {isa = PBXBuildFile; fileRef = 162ED5D42ACDF194008E0622 /* Experimental1App.swift */; };
		162ED5D72ACDF194008E0622 /* ContentView.swift in Sources */ = {isa = PBXBuildFile; fileRef = 162ED5D62ACDF194008E0622 /* ContentView.swift */; };
		162ED5D92ACDF196008E0622 /* Assets.xcassets in Resources */ = {isa = PBXBuildFile; fileRef = 162ED5D82ACDF196008E0622 /* Assets.xcassets */; };
		162ED5DC2ACDF196008E0622 /* Preview Assets.xcassets in Resources */ = {isa = PBXBuildFile; fileRef = 162ED5DB2ACDF196008E0622 /* Preview Assets.xcassets */; };
		162ED5E72ACDF196008E0622 /* Experimental1Tests.swift in Sources */ = {isa = PBXBuildFile; fileRef = 162ED5E62ACDF196008E0622 /* Experimental1Tests.swift */; };
		162ED5F12ACDF196008E0622 /* Experimental1UITests.swift in Sources */ = {isa = PBXBuildFile; fileRef = 162ED5F02ACDF196008E0622 /* Experimental1UITests.swift */; };
		162ED5F32ACDF196008E0622 /* Experimental1UITestsLaunchTests.swift in Sources */ = {isa = PBXBuildFile; fileRef = 162ED5F22ACDF196008E0622 /* Experimental1UITestsLaunchTests.swift */; };
		162ED6002ACDF248008E0622 /* GameView.swift in Sources */ = {isa = PBXBuildFile; fileRef = 162ED5FF2ACDF248008E0622 /* GameView.swift */; };
		162ED6482ACE6A5C008E0622 /* Target.swift in Sources */ = {isa = PBXBuildFile; fileRef = 162ED6472ACE6A5C008E0622 /* Target.swift */; };
		162ED64C2ACE6D80008E0622 /* TargetView.swift in Sources */ = {isa = PBXBuildFile; fileRef = 162ED64B2ACE6D80008E0622 /* TargetView.swift */; };
		162ED64F2ACE713F008E0622 /* GameConfig.swift in Sources */ = {isa = PBXBuildFile; fileRef = 162ED64E2ACE713F008E0622 /* GameConfig.swift */; };
		162ED6512ACE7247008E0622 /* glock.mp3 in Resources */ = {isa = PBXBuildFile; fileRef = 162ED6502ACE7247008E0622 /* glock.mp3 */; };
		162ED6542ACE726B008E0622 /* Constants.swift in Sources */ = {isa = PBXBuildFile; fileRef = 162ED6532ACE726B008E0622 /* Constants.swift */; };
		162ED6562ACE72E1008E0622 /* Sounds.swift in Sources */ = {isa = PBXBuildFile; fileRef = 162ED6552ACE72E1008E0622 /* Sounds.swift */; };
		162ED6592ACE7945008E0622 /* deagle.mp3 in Resources */ = {isa = PBXBuildFile; fileRef = 162ED6572ACE7945008E0622 /* deagle.mp3 */; };
		162ED65A2ACE7946008E0622 /* M1911.mp3 in Resources */ = {isa = PBXBuildFile; fileRef = 162ED6582ACE7945008E0622 /* M1911.mp3 */; };
		162ED65D2ACE7A83008E0622 /* GameViewModel.swift in Sources */ = {isa = PBXBuildFile; fileRef = 162ED65C2ACE7A83008E0622 /* GameViewModel.swift */; };
		162ED6632ACF0F85008E0622 /* View+Hidden.swift in Sources */ = {isa = PBXBuildFile; fileRef = 162ED6622ACF0F85008E0622 /* View+Hidden.swift */; };
		162ED6672ACF12CB008E0622 /* death2.mp3 in Resources */ = {isa = PBXBuildFile; fileRef = 162ED6662ACF12CB008E0622 /* death2.mp3 */; };
		162ED6692ACF1337008E0622 /* death1.mp3 in Resources */ = {isa = PBXBuildFile; fileRef = 162ED6682ACF1337008E0622 /* death1.mp3 */; };
/* End PBXBuildFile section */

/* Begin PBXContainerItemProxy section */
		162ED5E32ACDF196008E0622 /* PBXContainerItemProxy */ = {
			isa = PBXContainerItemProxy;
			containerPortal = 162ED5C92ACDF194008E0622 /* Project object */;
			proxyType = 1;
			remoteGlobalIDString = 162ED5D02ACDF194008E0622;
			remoteInfo = Experimental1;
		};
		162ED5ED2ACDF196008E0622 /* PBXContainerItemProxy */ = {
			isa = PBXContainerItemProxy;
			containerPortal = 162ED5C92ACDF194008E0622 /* Project object */;
			proxyType = 1;
			remoteGlobalIDString = 162ED5D02ACDF194008E0622;
			remoteInfo = Experimental1;
		};
/* End PBXContainerItemProxy section */

/* Begin PBXFileReference section */
		162ED5D12ACDF194008E0622 /* Experimental1.app */ = {isa = PBXFileReference; explicitFileType = wrapper.application; includeInIndex = 0; path = Experimental1.app; sourceTree = BUILT_PRODUCTS_DIR; };
		162ED5D42ACDF194008E0622 /* Experimental1App.swift */ = {isa = PBXFileReference; lastKnownFileType = sourcecode.swift; path = Experimental1App.swift; sourceTree = "<group>"; };
		162ED5D62ACDF194008E0622 /* ContentView.swift */ = {isa = PBXFileReference; lastKnownFileType = sourcecode.swift; path = ContentView.swift; sourceTree = "<group>"; };
		162ED5D82ACDF196008E0622 /* Assets.xcassets */ = {isa = PBXFileReference; lastKnownFileType = folder.assetcatalog; path = Assets.xcassets; sourceTree = "<group>"; };
		162ED5DB2ACDF196008E0622 /* Preview Assets.xcassets */ = {isa = PBXFileReference; lastKnownFileType = folder.assetcatalog; path = "Preview Assets.xcassets"; sourceTree = "<group>"; };
		162ED5DD2ACDF196008E0622 /* Experimental1.entitlements */ = {isa = PBXFileReference; lastKnownFileType = text.plist.entitlements; path = Experimental1.entitlements; sourceTree = "<group>"; };
		162ED5E22ACDF196008E0622 /* Experimental1Tests.xctest */ = {isa = PBXFileReference; explicitFileType = wrapper.cfbundle; includeInIndex = 0; path = Experimental1Tests.xctest; sourceTree = BUILT_PRODUCTS_DIR; };
		162ED5E62ACDF196008E0622 /* Experimental1Tests.swift */ = {isa = PBXFileReference; lastKnownFileType = sourcecode.swift; path = Experimental1Tests.swift; sourceTree = "<group>"; };
		162ED5EC2ACDF196008E0622 /* Experimental1UITests.xctest */ = {isa = PBXFileReference; explicitFileType = wrapper.cfbundle; includeInIndex = 0; path = Experimental1UITests.xctest; sourceTree = BUILT_PRODUCTS_DIR; };
		162ED5F02ACDF196008E0622 /* Experimental1UITests.swift */ = {isa = PBXFileReference; lastKnownFileType = sourcecode.swift; path = Experimental1UITests.swift; sourceTree = "<group>"; };
		162ED5F22ACDF196008E0622 /* Experimental1UITestsLaunchTests.swift */ = {isa = PBXFileReference; lastKnownFileType = sourcecode.swift; path = Experimental1UITestsLaunchTests.swift; sourceTree = "<group>"; };
		162ED5FF2ACDF248008E0622 /* GameView.swift */ = {isa = PBXFileReference; lastKnownFileType = sourcecode.swift; path = GameView.swift; sourceTree = "<group>"; };
		162ED6472ACE6A5C008E0622 /* Target.swift */ = {isa = PBXFileReference; lastKnownFileType = sourcecode.swift; path = Target.swift; sourceTree = "<group>"; };
		162ED64B2ACE6D80008E0622 /* TargetView.swift */ = {isa = PBXFileReference; lastKnownFileType = sourcecode.swift; path = TargetView.swift; sourceTree = "<group>"; };
		162ED64E2ACE713F008E0622 /* GameConfig.swift */ = {isa = PBXFileReference; lastKnownFileType = sourcecode.swift; path = GameConfig.swift; sourceTree = "<group>"; };
		162ED6502ACE7247008E0622 /* glock.mp3 */ = {isa = PBXFileReference; lastKnownFileType = audio.mp3; path = glock.mp3; sourceTree = "<group>"; };
		162ED6532ACE726B008E0622 /* Constants.swift */ = {isa = PBXFileReference; lastKnownFileType = sourcecode.swift; path = Constants.swift; sourceTree = "<group>"; };
		162ED6552ACE72E1008E0622 /* Sounds.swift */ = {isa = PBXFileReference; lastKnownFileType = sourcecode.swift; path = Sounds.swift; sourceTree = "<group>"; };
		162ED6572ACE7945008E0622 /* deagle.mp3 */ = {isa = PBXFileReference; lastKnownFileType = audio.mp3; path = deagle.mp3; sourceTree = "<group>"; };
		162ED6582ACE7945008E0622 /* M1911.mp3 */ = {isa = PBXFileReference; lastKnownFileType = audio.mp3; path = M1911.mp3; sourceTree = "<group>"; };
		162ED65C2ACE7A83008E0622 /* GameViewModel.swift */ = {isa = PBXFileReference; lastKnownFileType = sourcecode.swift; path = GameViewModel.swift; sourceTree = "<group>"; };
		162ED6622ACF0F85008E0622 /* View+Hidden.swift */ = {isa = PBXFileReference; lastKnownFileType = sourcecode.swift; path = "View+Hidden.swift"; sourceTree = "<group>"; };
		162ED6662ACF12CB008E0622 /* death2.mp3 */ = {isa = PBXFileReference; lastKnownFileType = audio.mp3; name = death2.mp3; path = "../../../../experimental1-assets/death-sounds/death2.mp3"; sourceTree = "<group>"; };
		162ED6682ACF1337008E0622 /* death1.mp3 */ = {isa = PBXFileReference; lastKnownFileType = audio.mp3; path = death1.mp3; sourceTree = "<group>"; };
/* End PBXFileReference section */

/* Begin PBXFrameworksBuildPhase section */
		162ED5CE2ACDF194008E0622 /* Frameworks */ = {
			isa = PBXFrameworksBuildPhase;
			buildActionMask = 2147483647;
			files = (
			);
			runOnlyForDeploymentPostprocessing = 0;
		};
		162ED5DF2ACDF196008E0622 /* Frameworks */ = {
			isa = PBXFrameworksBuildPhase;
			buildActionMask = 2147483647;
			files = (
			);
			runOnlyForDeploymentPostprocessing = 0;
		};
		162ED5E92ACDF196008E0622 /* Frameworks */ = {
			isa = PBXFrameworksBuildPhase;
			buildActionMask = 2147483647;
			files = (
			);
			runOnlyForDeploymentPostprocessing = 0;
		};
/* End PBXFrameworksBuildPhase section */

/* Begin PBXGroup section */
		162ED5C82ACDF194008E0622 = {
			isa = PBXGroup;
			children = (
				162ED5D32ACDF194008E0622 /* Experimental1 */,
				162ED5E52ACDF196008E0622 /* Experimental1Tests */,
				162ED5EF2ACDF196008E0622 /* Experimental1UITests */,
				162ED5D22ACDF194008E0622 /* Products */,
			);
			sourceTree = "<group>";
		};
		162ED5D22ACDF194008E0622 /* Products */ = {
			isa = PBXGroup;
			children = (
				162ED5D12ACDF194008E0622 /* Experimental1.app */,
				162ED5E22ACDF196008E0622 /* Experimental1Tests.xctest */,
				162ED5EC2ACDF196008E0622 /* Experimental1UITests.xctest */,
			);
			name = Products;
			sourceTree = "<group>";
		};
		162ED5D32ACDF194008E0622 /* Experimental1 */ = {
			isa = PBXGroup;
			children = (
				162ED65B2ACE7A7B008E0622 /* ViewModel */,
				162ED6522ACE725E008E0622 /* Util */,
				162ED64D2ACE6DE2008E0622 /* View */,
				162ED6492ACE6CCF008E0622 /* Assets */,
				162ED6462ACE46BF008E0622 /* Model */,
				162ED5D42ACDF194008E0622 /* Experimental1App.swift */,
				162ED5D62ACDF194008E0622 /* ContentView.swift */,
				162ED5D82ACDF196008E0622 /* Assets.xcassets */,
				162ED5DD2ACDF196008E0622 /* Experimental1.entitlements */,
				162ED5DA2ACDF196008E0622 /* Preview Content */,
			);
			path = Experimental1;
			sourceTree = "<group>";
		};
		162ED5DA2ACDF196008E0622 /* Preview Content */ = {
			isa = PBXGroup;
			children = (
				162ED5DB2ACDF196008E0622 /* Preview Assets.xcassets */,
			);
			path = "Preview Content";
			sourceTree = "<group>";
		};
		162ED5E52ACDF196008E0622 /* Experimental1Tests */ = {
			isa = PBXGroup;
			children = (
				162ED5E62ACDF196008E0622 /* Experimental1Tests.swift */,
			);
			path = Experimental1Tests;
			sourceTree = "<group>";
		};
		162ED5EF2ACDF196008E0622 /* Experimental1UITests */ = {
			isa = PBXGroup;
			children = (
				162ED5F02ACDF196008E0622 /* Experimental1UITests.swift */,
				162ED5F22ACDF196008E0622 /* Experimental1UITestsLaunchTests.swift */,
			);
			path = Experimental1UITests;
			sourceTree = "<group>";
		};
		162ED6462ACE46BF008E0622 /* Model */ = {
			isa = PBXGroup;
			children = (
				162ED6472ACE6A5C008E0622 /* Target.swift */,
				162ED64E2ACE713F008E0622 /* GameConfig.swift */,
			);
			path = Model;
			sourceTree = "<group>";
		};
		162ED6492ACE6CCF008E0622 /* Assets */ = {
			isa = PBXGroup;
			children = (
				162ED64A2ACE6CD2008E0622 /* Audio */,
			);
			path = Assets;
			sourceTree = "<group>";
		};
		162ED64A2ACE6CD2008E0622 /* Audio */ = {
			isa = PBXGroup;
			children = (
				162ED6682ACF1337008E0622 /* death1.mp3 */,
				162ED6662ACF12CB008E0622 /* death2.mp3 */,
				162ED6572ACE7945008E0622 /* deagle.mp3 */,
				162ED6582ACE7945008E0622 /* M1911.mp3 */,
				162ED6502ACE7247008E0622 /* glock.mp3 */,
			);
			path = Audio;
			sourceTree = "<group>";
		};
		162ED64D2ACE6DE2008E0622 /* View */ = {
			isa = PBXGroup;
			children = (
				162ED5FF2ACDF248008E0622 /* GameView.swift */,
				162ED64B2ACE6D80008E0622 /* TargetView.swift */,
			);
			path = View;
			sourceTree = "<group>";
		};
		162ED6522ACE725E008E0622 /* Util */ = {
			isa = PBXGroup;
			children = (
				162ED6552ACE72E1008E0622 /* Sounds.swift */,
				162ED6532ACE726B008E0622 /* Constants.swift */,
				162ED6622ACF0F85008E0622 /* View+Hidden.swift */,
			);
			path = Util;
			sourceTree = "<group>";
		};
		162ED65B2ACE7A7B008E0622 /* ViewModel */ = {
			isa = PBXGroup;
			children = (
				162ED65C2ACE7A83008E0622 /* GameViewModel.swift */,
			);
			path = ViewModel;
			sourceTree = "<group>";
		};
/* End PBXGroup section */

/* Begin PBXNativeTarget section */
		162ED5D02ACDF194008E0622 /* Experimental1 */ = {
			isa = PBXNativeTarget;
			buildConfigurationList = 162ED5F62ACDF196008E0622 /* Build configuration list for PBXNativeTarget "Experimental1" */;
			buildPhases = (
				162ED5CD2ACDF194008E0622 /* Sources */,
				162ED5CE2ACDF194008E0622 /* Frameworks */,
				162ED5CF2ACDF194008E0622 /* Resources */,
			);
			buildRules = (
			);
			dependencies = (
			);
			name = Experimental1;
			productName = Experimental1;
			productReference = 162ED5D12ACDF194008E0622 /* Experimental1.app */;
			productType = "com.apple.product-type.application";
		};
		162ED5E12ACDF196008E0622 /* Experimental1Tests */ = {
			isa = PBXNativeTarget;
			buildConfigurationList = 162ED5F92ACDF196008E0622 /* Build configuration list for PBXNativeTarget "Experimental1Tests" */;
			buildPhases = (
				162ED5DE2ACDF196008E0622 /* Sources */,
				162ED5DF2ACDF196008E0622 /* Frameworks */,
				162ED5E02ACDF196008E0622 /* Resources */,
			);
			buildRules = (
			);
			dependencies = (
				162ED5E42ACDF196008E0622 /* PBXTargetDependency */,
			);
			name = Experimental1Tests;
			productName = Experimental1Tests;
			productReference = 162ED5E22ACDF196008E0622 /* Experimental1Tests.xctest */;
			productType = "com.apple.product-type.bundle.unit-test";
		};
		162ED5EB2ACDF196008E0622 /* Experimental1UITests */ = {
			isa = PBXNativeTarget;
			buildConfigurationList = 162ED5FC2ACDF196008E0622 /* Build configuration list for PBXNativeTarget "Experimental1UITests" */;
			buildPhases = (
				162ED5E82ACDF196008E0622 /* Sources */,
				162ED5E92ACDF196008E0622 /* Frameworks */,
				162ED5EA2ACDF196008E0622 /* Resources */,
			);
			buildRules = (
			);
			dependencies = (
				162ED5EE2ACDF196008E0622 /* PBXTargetDependency */,
			);
			name = Experimental1UITests;
			productName = Experimental1UITests;
			productReference = 162ED5EC2ACDF196008E0622 /* Experimental1UITests.xctest */;
			productType = "com.apple.product-type.bundle.ui-testing";
		};
/* End PBXNativeTarget section */

/* Begin PBXProject section */
		162ED5C92ACDF194008E0622 /* Project object */ = {
			isa = PBXProject;
			attributes = {
				BuildIndependentTargetsInParallel = 1;
				LastSwiftUpdateCheck = 1500;
				LastUpgradeCheck = 1500;
				TargetAttributes = {
					162ED5D02ACDF194008E0622 = {
						CreatedOnToolsVersion = 15.0;
					};
					162ED5E12ACDF196008E0622 = {
						CreatedOnToolsVersion = 15.0;
						TestTargetID = 162ED5D02ACDF194008E0622;
					};
					162ED5EB2ACDF196008E0622 = {
						CreatedOnToolsVersion = 15.0;
						TestTargetID = 162ED5D02ACDF194008E0622;
					};
				};
			};
			buildConfigurationList = 162ED5CC2ACDF194008E0622 /* Build configuration list for PBXProject "Experimental1" */;
			compatibilityVersion = "Xcode 14.0";
			developmentRegion = en;
			hasScannedForEncodings = 0;
			knownRegions = (
				en,
				Base,
			);
			mainGroup = 162ED5C82ACDF194008E0622;
			productRefGroup = 162ED5D22ACDF194008E0622 /* Products */;
			projectDirPath = "";
			projectRoot = "";
			targets = (
				162ED5D02ACDF194008E0622 /* Experimental1 */,
				162ED5E12ACDF196008E0622 /* Experimental1Tests */,
				162ED5EB2ACDF196008E0622 /* Experimental1UITests */,
			);
		};
/* End PBXProject section */

/* Begin PBXResourcesBuildPhase section */
		162ED5CF2ACDF194008E0622 /* Resources */ = {
			isa = PBXResourcesBuildPhase;
			buildActionMask = 2147483647;
			files = (
				162ED6512ACE7247008E0622 /* glock.mp3 in Resources */,
				162ED5DC2ACDF196008E0622 /* Preview Assets.xcassets in Resources */,
				162ED6592ACE7945008E0622 /* deagle.mp3 in Resources */,
				162ED5D92ACDF196008E0622 /* Assets.xcassets in Resources */,
				162ED65A2ACE7946008E0622 /* M1911.mp3 in Resources */,
				162ED6672ACF12CB008E0622 /* death2.mp3 in Resources */,
				162ED6692ACF1337008E0622 /* death1.mp3 in Resources */,
			);
			runOnlyForDeploymentPostprocessing = 0;
		};
		162ED5E02ACDF196008E0622 /* Resources */ = {
			isa = PBXResourcesBuildPhase;
			buildActionMask = 2147483647;
			files = (
			);
			runOnlyForDeploymentPostprocessing = 0;
		};
		162ED5EA2ACDF196008E0622 /* Resources */ = {
			isa = PBXResourcesBuildPhase;
			buildActionMask = 2147483647;
			files = (
			);
			runOnlyForDeploymentPostprocessing = 0;
		};
/* End PBXResourcesBuildPhase section */

/* Begin PBXSourcesBuildPhase section */
		162ED5CD2ACDF194008E0622 /* Sources */ = {
			isa = PBXSourcesBuildPhase;
			buildActionMask = 2147483647;
			files = (
				162ED6632ACF0F85008E0622 /* View+Hidden.swift in Sources */,
				162ED65D2ACE7A83008E0622 /* GameViewModel.swift in Sources */,
				162ED6002ACDF248008E0622 /* GameView.swift in Sources */,
				162ED64F2ACE713F008E0622 /* GameConfig.swift in Sources */,
				162ED5D72ACDF194008E0622 /* ContentView.swift in Sources */,
				162ED6562ACE72E1008E0622 /* Sounds.swift in Sources */,
				162ED5D52ACDF194008E0622 /* Experimental1App.swift in Sources */,
				162ED6542ACE726B008E0622 /* Constants.swift in Sources */,
				162ED6482ACE6A5C008E0622 /* Target.swift in Sources */,
				162ED64C2ACE6D80008E0622 /* TargetView.swift in Sources */,
			);
			runOnlyForDeploymentPostprocessing = 0;
		};
		162ED5DE2ACDF196008E0622 /* Sources */ = {
			isa = PBXSourcesBuildPhase;
			buildActionMask = 2147483647;
			files = (
				162ED5E72ACDF196008E0622 /* Experimental1Tests.swift in Sources */,
			);
			runOnlyForDeploymentPostprocessing = 0;
		};
		162ED5E82ACDF196008E0622 /* Sources */ = {
			isa = PBXSourcesBuildPhase;
			buildActionMask = 2147483647;
			files = (
				162ED5F32ACDF196008E0622 /* Experimental1UITestsLaunchTests.swift in Sources */,
				162ED5F12ACDF196008E0622 /* Experimental1UITests.swift in Sources */,
			);
			runOnlyForDeploymentPostprocessing = 0;
		};
/* End PBXSourcesBuildPhase section */

/* Begin PBXTargetDependency section */
		162ED5E42ACDF196008E0622 /* PBXTargetDependency */ = {
			isa = PBXTargetDependency;
			target = 162ED5D02ACDF194008E0622 /* Experimental1 */;
			targetProxy = 162ED5E32ACDF196008E0622 /* PBXContainerItemProxy */;
		};
		162ED5EE2ACDF196008E0622 /* PBXTargetDependency */ = {
			isa = PBXTargetDependency;
			target = 162ED5D02ACDF194008E0622 /* Experimental1 */;
			targetProxy = 162ED5ED2ACDF196008E0622 /* PBXContainerItemProxy */;
		};
/* End PBXTargetDependency section */

/* Begin XCBuildConfiguration section */
		162ED5F42ACDF196008E0622 /* Debug */ = {
			isa = XCBuildConfiguration;
			buildSettings = {
				ALWAYS_SEARCH_USER_PATHS = NO;
				ASSETCATALOG_COMPILER_GENERATE_SWIFT_ASSET_SYMBOL_EXTENSIONS = YES;
				CLANG_ANALYZER_NONNULL = YES;
				CLANG_ANALYZER_NUMBER_OBJECT_CONVERSION = YES_AGGRESSIVE;
				CLANG_CXX_LANGUAGE_STANDARD = "gnu++20";
				CLANG_ENABLE_MODULES = YES;
				CLANG_ENABLE_OBJC_ARC = YES;
				CLANG_ENABLE_OBJC_WEAK = YES;
				CLANG_WARN_BLOCK_CAPTURE_AUTORELEASING = YES;
				CLANG_WARN_BOOL_CONVERSION = YES;
				CLANG_WARN_COMMA = YES;
				CLANG_WARN_CONSTANT_CONVERSION = YES;
				CLANG_WARN_DEPRECATED_OBJC_IMPLEMENTATIONS = YES;
				CLANG_WARN_DIRECT_OBJC_ISA_USAGE = YES_ERROR;
				CLANG_WARN_DOCUMENTATION_COMMENTS = YES;
				CLANG_WARN_EMPTY_BODY = YES;
				CLANG_WARN_ENUM_CONVERSION = YES;
				CLANG_WARN_INFINITE_RECURSION = YES;
				CLANG_WARN_INT_CONVERSION = YES;
				CLANG_WARN_NON_LITERAL_NULL_CONVERSION = YES;
				CLANG_WARN_OBJC_IMPLICIT_RETAIN_SELF = YES;
				CLANG_WARN_OBJC_LITERAL_CONVERSION = YES;
				CLANG_WARN_OBJC_ROOT_CLASS = YES_ERROR;
				CLANG_WARN_QUOTED_INCLUDE_IN_FRAMEWORK_HEADER = YES;
				CLANG_WARN_RANGE_LOOP_ANALYSIS = YES;
				CLANG_WARN_STRICT_PROTOTYPES = YES;
				CLANG_WARN_SUSPICIOUS_MOVE = YES;
				CLANG_WARN_UNGUARDED_AVAILABILITY = YES_AGGRESSIVE;
				CLANG_WARN_UNREACHABLE_CODE = YES;
				CLANG_WARN__DUPLICATE_METHOD_MATCH = YES;
				COPY_PHASE_STRIP = NO;
				DEBUG_INFORMATION_FORMAT = dwarf;
				ENABLE_STRICT_OBJC_MSGSEND = YES;
				ENABLE_TESTABILITY = YES;
				ENABLE_USER_SCRIPT_SANDBOXING = YES;
				GCC_C_LANGUAGE_STANDARD = gnu17;
				GCC_DYNAMIC_NO_PIC = NO;
				GCC_NO_COMMON_BLOCKS = YES;
				GCC_OPTIMIZATION_LEVEL = 0;
				GCC_PREPROCESSOR_DEFINITIONS = (
					"DEBUG=1",
					"$(inherited)",
				);
				GCC_WARN_64_TO_32_BIT_CONVERSION = YES;
				GCC_WARN_ABOUT_RETURN_TYPE = YES_ERROR;
				GCC_WARN_UNDECLARED_SELECTOR = YES;
				GCC_WARN_UNINITIALIZED_AUTOS = YES_AGGRESSIVE;
				GCC_WARN_UNUSED_FUNCTION = YES;
				GCC_WARN_UNUSED_VARIABLE = YES;
				LOCALIZATION_PREFERS_STRING_CATALOGS = YES;
				MACOSX_DEPLOYMENT_TARGET = 13.5;
				MTL_ENABLE_DEBUG_INFO = INCLUDE_SOURCE;
				MTL_FAST_MATH = YES;
				ONLY_ACTIVE_ARCH = YES;
				SDKROOT = macosx;
				SWIFT_ACTIVE_COMPILATION_CONDITIONS = "DEBUG $(inherited)";
				SWIFT_OPTIMIZATION_LEVEL = "-Onone";
			};
			name = Debug;
		};
		162ED5F52ACDF196008E0622 /* Release */ = {
			isa = XCBuildConfiguration;
			buildSettings = {
				ALWAYS_SEARCH_USER_PATHS = NO;
				ASSETCATALOG_COMPILER_GENERATE_SWIFT_ASSET_SYMBOL_EXTENSIONS = YES;
				CLANG_ANALYZER_NONNULL = YES;
				CLANG_ANALYZER_NUMBER_OBJECT_CONVERSION = YES_AGGRESSIVE;
				CLANG_CXX_LANGUAGE_STANDARD = "gnu++20";
				CLANG_ENABLE_MODULES = YES;
				CLANG_ENABLE_OBJC_ARC = YES;
				CLANG_ENABLE_OBJC_WEAK = YES;
				CLANG_WARN_BLOCK_CAPTURE_AUTORELEASING = YES;
				CLANG_WARN_BOOL_CONVERSION = YES;
				CLANG_WARN_COMMA = YES;
				CLANG_WARN_CONSTANT_CONVERSION = YES;
				CLANG_WARN_DEPRECATED_OBJC_IMPLEMENTATIONS = YES;
				CLANG_WARN_DIRECT_OBJC_ISA_USAGE = YES_ERROR;
				CLANG_WARN_DOCUMENTATION_COMMENTS = YES;
				CLANG_WARN_EMPTY_BODY = YES;
				CLANG_WARN_ENUM_CONVERSION = YES;
				CLANG_WARN_INFINITE_RECURSION = YES;
				CLANG_WARN_INT_CONVERSION = YES;
				CLANG_WARN_NON_LITERAL_NULL_CONVERSION = YES;
				CLANG_WARN_OBJC_IMPLICIT_RETAIN_SELF = YES;
				CLANG_WARN_OBJC_LITERAL_CONVERSION = YES;
				CLANG_WARN_OBJC_ROOT_CLASS = YES_ERROR;
				CLANG_WARN_QUOTED_INCLUDE_IN_FRAMEWORK_HEADER = YES;
				CLANG_WARN_RANGE_LOOP_ANALYSIS = YES;
				CLANG_WARN_STRICT_PROTOTYPES = YES;
				CLANG_WARN_SUSPICIOUS_MOVE = YES;
				CLANG_WARN_UNGUARDED_AVAILABILITY = YES_AGGRESSIVE;
				CLANG_WARN_UNREACHABLE_CODE = YES;
				CLANG_WARN__DUPLICATE_METHOD_MATCH = YES;
				COPY_PHASE_STRIP = NO;
				DEBUG_INFORMATION_FORMAT = "dwarf-with-dsym";
				ENABLE_NS_ASSERTIONS = NO;
				ENABLE_STRICT_OBJC_MSGSEND = YES;
				ENABLE_USER_SCRIPT_SANDBOXING = YES;
				GCC_C_LANGUAGE_STANDARD = gnu17;
				GCC_NO_COMMON_BLOCKS = YES;
				GCC_WARN_64_TO_32_BIT_CONVERSION = YES;
				GCC_WARN_ABOUT_RETURN_TYPE = YES_ERROR;
				GCC_WARN_UNDECLARED_SELECTOR = YES;
				GCC_WARN_UNINITIALIZED_AUTOS = YES_AGGRESSIVE;
				GCC_WARN_UNUSED_FUNCTION = YES;
				GCC_WARN_UNUSED_VARIABLE = YES;
				LOCALIZATION_PREFERS_STRING_CATALOGS = YES;
				MACOSX_DEPLOYMENT_TARGET = 13.5;
				MTL_ENABLE_DEBUG_INFO = NO;
				MTL_FAST_MATH = YES;
				SDKROOT = macosx;
				SWIFT_COMPILATION_MODE = wholemodule;
			};
			name = Release;
		};
		162ED5F72ACDF196008E0622 /* Debug */ = {
			isa = XCBuildConfiguration;
			buildSettings = {
				ASSETCATALOG_COMPILER_APPICON_NAME = AppIcon;
				ASSETCATALOG_COMPILER_GLOBAL_ACCENT_COLOR_NAME = AccentColor;
				CODE_SIGN_ENTITLEMENTS = Experimental1/Experimental1.entitlements;
				CODE_SIGN_STYLE = Automatic;
				COMBINE_HIDPI_IMAGES = YES;
				CURRENT_PROJECT_VERSION = 1;
				DEVELOPMENT_ASSET_PATHS = "\"Experimental1/Preview Content\"";
				DEVELOPMENT_TEAM = HY3LPP8363;
				ENABLE_HARDENED_RUNTIME = YES;
				ENABLE_PREVIEWS = YES;
				GENERATE_INFOPLIST_FILE = YES;
				INFOPLIST_KEY_NSHumanReadableCopyright = "";
				LD_RUNPATH_SEARCH_PATHS = (
					"$(inherited)",
					"@executable_path/../Frameworks",
				);
				MARKETING_VERSION = 1.0;
				PRODUCT_BUNDLE_IDENTIFIER = daveyg.Experimental1;
				PRODUCT_NAME = "$(TARGET_NAME)";
				SWIFT_EMIT_LOC_STRINGS = YES;
				SWIFT_VERSION = 5.0;
			};
			name = Debug;
		};
		162ED5F82ACDF196008E0622 /* Release */ = {
			isa = XCBuildConfiguration;
			buildSettings = {
				ASSETCATALOG_COMPILER_APPICON_NAME = AppIcon;
				ASSETCATALOG_COMPILER_GLOBAL_ACCENT_COLOR_NAME = AccentColor;
				CODE_SIGN_ENTITLEMENTS = Experimental1/Experimental1.entitlements;
				CODE_SIGN_STYLE = Automatic;
				COMBINE_HIDPI_IMAGES = YES;
				CURRENT_PROJECT_VERSION = 1;
				DEVELOPMENT_ASSET_PATHS = "\"Experimental1/Preview Content\"";
				DEVELOPMENT_TEAM = HY3LPP8363;
				ENABLE_HARDENED_RUNTIME = YES;
				ENABLE_PREVIEWS = YES;
				GENERATE_INFOPLIST_FILE = YES;
				INFOPLIST_KEY_NSHumanReadableCopyright = "";
				LD_RUNPATH_SEARCH_PATHS = (
					"$(inherited)",
					"@executable_path/../Frameworks",
				);
				MARKETING_VERSION = 1.0;
				PRODUCT_BUNDLE_IDENTIFIER = daveyg.Experimental1;
				PRODUCT_NAME = "$(TARGET_NAME)";
				SWIFT_EMIT_LOC_STRINGS = YES;
				SWIFT_VERSION = 5.0;
			};
			name = Release;
		};
		162ED5FA2ACDF196008E0622 /* Debug */ = {
			isa = XCBuildConfiguration;
			buildSettings = {
				ALWAYS_EMBED_SWIFT_STANDARD_LIBRARIES = YES;
				BUNDLE_LOADER = "$(TEST_HOST)";
				CODE_SIGN_STYLE = Automatic;
				CURRENT_PROJECT_VERSION = 1;
				DEVELOPMENT_TEAM = HY3LPP8363;
				GENERATE_INFOPLIST_FILE = YES;
				MACOSX_DEPLOYMENT_TARGET = 13.5;
				MARKETING_VERSION = 1.0;
				PRODUCT_BUNDLE_IDENTIFIER = daveyg.Experimental1Tests;
				PRODUCT_NAME = "$(TARGET_NAME)";
				SWIFT_EMIT_LOC_STRINGS = NO;
				SWIFT_VERSION = 5.0;
				TEST_HOST = "$(BUILT_PRODUCTS_DIR)/Experimental1.app/$(BUNDLE_EXECUTABLE_FOLDER_PATH)/Experimental1";
			};
			name = Debug;
		};
		162ED5FB2ACDF196008E0622 /* Release */ = {
			isa = XCBuildConfiguration;
			buildSettings = {
				ALWAYS_EMBED_SWIFT_STANDARD_LIBRARIES = YES;
				BUNDLE_LOADER = "$(TEST_HOST)";
				CODE_SIGN_STYLE = Automatic;
				CURRENT_PROJECT_VERSION = 1;
				DEVELOPMENT_TEAM = HY3LPP8363;
				GENERATE_INFOPLIST_FILE = YES;
				MACOSX_DEPLOYMENT_TARGET = 13.5;
				MARKETING_VERSION = 1.0;
				PRODUCT_BUNDLE_IDENTIFIER = daveyg.Experimental1Tests;
				PRODUCT_NAME = "$(TARGET_NAME)";
				SWIFT_EMIT_LOC_STRINGS = NO;
				SWIFT_VERSION = 5.0;
				TEST_HOST = "$(BUILT_PRODUCTS_DIR)/Experimental1.app/$(BUNDLE_EXECUTABLE_FOLDER_PATH)/Experimental1";
			};
			name = Release;
		};
		162ED5FD2ACDF196008E0622 /* Debug */ = {
			isa = XCBuildConfiguration;
			buildSettings = {
				ALWAYS_EMBED_SWIFT_STANDARD_LIBRARIES = YES;
				CODE_SIGN_STYLE = Automatic;
				CURRENT_PROJECT_VERSION = 1;
				DEVELOPMENT_TEAM = HY3LPP8363;
				GENERATE_INFOPLIST_FILE = YES;
				MARKETING_VERSION = 1.0;
				PRODUCT_BUNDLE_IDENTIFIER = daveyg.Experimental1UITests;
				PRODUCT_NAME = "$(TARGET_NAME)";
				SWIFT_EMIT_LOC_STRINGS = NO;
				SWIFT_VERSION = 5.0;
				TEST_TARGET_NAME = Experimental1;
			};
			name = Debug;
		};
		162ED5FE2ACDF196008E0622 /* Release */ = {
			isa = XCBuildConfiguration;
			buildSettings = {
				ALWAYS_EMBED_SWIFT_STANDARD_LIBRARIES = YES;
				CODE_SIGN_STYLE = Automatic;
				CURRENT_PROJECT_VERSION = 1;
				DEVELOPMENT_TEAM = HY3LPP8363;
				GENERATE_INFOPLIST_FILE = YES;
				MARKETING_VERSION = 1.0;
				PRODUCT_BUNDLE_IDENTIFIER = daveyg.Experimental1UITests;
				PRODUCT_NAME = "$(TARGET_NAME)";
				SWIFT_EMIT_LOC_STRINGS = NO;
				SWIFT_VERSION = 5.0;
				TEST_TARGET_NAME = Experimental1;
			};
			name = Release;
		};
/* End XCBuildConfiguration section */

/* Begin XCConfigurationList section */
		162ED5CC2ACDF194008E0622 /* Build configuration list for PBXProject "Experimental1" */ = {
			isa = XCConfigurationList;
			buildConfigurations = (
				162ED5F42ACDF196008E0622 /* Debug */,
				162ED5F52ACDF196008E0622 /* Release */,
			);
			defaultConfigurationIsVisible = 0;
			defaultConfigurationName = Release;
		};
		162ED5F62ACDF196008E0622 /* Build configuration list for PBXNativeTarget "Experimental1" */ = {
			isa = XCConfigurationList;
			buildConfigurations = (
				162ED5F72ACDF196008E0622 /* Debug */,
				162ED5F82ACDF196008E0622 /* Release */,
			);
			defaultConfigurationIsVisible = 0;
			defaultConfigurationName = Release;
		};
		162ED5F92ACDF196008E0622 /* Build configuration list for PBXNativeTarget "Experimental1Tests" */ = {
			isa = XCConfigurationList;
			buildConfigurations = (
				162ED5FA2ACDF196008E0622 /* Debug */,
				162ED5FB2ACDF196008E0622 /* Release */,
			);
			defaultConfigurationIsVisible = 0;
			defaultConfigurationName = Release;
		};
		162ED5FC2ACDF196008E0622 /* Build configuration list for PBXNativeTarget "Experimental1UITests" */ = {
			isa = XCConfigurationList;
			buildConfigurations = (
				162ED5FD2ACDF196008E0622 /* Debug */,
				162ED5FE2ACDF196008E0622 /* Release */,
			);
			defaultConfigurationIsVisible = 0;
			defaultConfigurationName = Release;
		};
/* End XCConfigurationList section */
	};
	rootObject = 162ED5C92ACDF194008E0622 /* Project object */;
}
